// !$*UTF8*$!
{
	archiveVersion = 1;
	classes = {
	};
	objectVersion = 46;
	objects = {

/* Begin PBXBuildFile section */
		96B300011CEF287400DDCEFA /* Main.storyboard in Resources */ = {isa = PBXBuildFile; fileRef = 96B3FFFF1CEF287400DDCEFA /* Main.storyboard */; };
		96B300031CEF287400DDCEFA /* Assets.xcassets in Resources */ = {isa = PBXBuildFile; fileRef = 96B300021CEF287400DDCEFA /* Assets.xcassets */; };
		96B300061CEF287400DDCEFA /* LaunchScreen.storyboard in Resources */ = {isa = PBXBuildFile; fileRef = 96B300041CEF287400DDCEFA /* LaunchScreen.storyboard */; };
		96B3FFFC1CEF287400DDCEFA /* AppDelegate.swift in Sources */ = {isa = PBXBuildFile; fileRef = 96B3FFFB1CEF287400DDCEFA /* AppDelegate.swift */; };
		96B3FFFE1CEF287400DDCEFA /* ViewController.swift in Sources */ = {isa = PBXBuildFile; fileRef = 96B3FFFD1CEF287400DDCEFA /* ViewController.swift */; };
/* End PBXBuildFile section */

/* Begin PBXFileReference section */
		96B300001CEF287400DDCEFA /* Base */ = {isa = PBXFileReference; lastKnownFileType = file.storyboard; name = Base; path = Base.lproj/Main.storyboard; sourceTree = "<group>"; };
		96B300021CEF287400DDCEFA /* Assets.xcassets */ = {isa = PBXFileReference; lastKnownFileType = folder.assetcatalog; path = Assets.xcassets; sourceTree = "<group>"; };
		96B300051CEF287400DDCEFA /* Base */ = {isa = PBXFileReference; lastKnownFileType = file.storyboard; name = Base; path = Base.lproj/LaunchScreen.storyboard; sourceTree = "<group>"; };
		96B300071CEF287400DDCEFA /* Info.plist */ = {isa = PBXFileReference; lastKnownFileType = text.plist.xml; path = Info.plist; sourceTree = "<group>"; };
		96B3FFF81CEF287400DDCEFA /* Calculator.app */ = {isa = PBXFileReference; explicitFileType = wrapper.application; includeInIndex = 0; path = Calculator.app; sourceTree = BUILT_PRODUCTS_DIR; };
		96B3FFFB1CEF287400DDCEFA /* AppDelegate.swift */ = {isa = PBXFileReference; lastKnownFileType = sourcecode.swift; path = AppDelegate.swift; sourceTree = "<group>"; };
		96B3FFFD1CEF287400DDCEFA /* ViewController.swift */ = {isa = PBXFileReference; lastKnownFileType = sourcecode.swift; path = ViewController.swift; sourceTree = "<group>"; };
/* End PBXFileReference section */

/* Begin PBXFrameworksBuildPhase section */
		96B3FFF51CEF287400DDCEFA /* Frameworks */ = {
			isa = PBXFrameworksBuildPhase;
			buildActionMask = 2147483647;
			files = (
			);
			runOnlyForDeploymentPostprocessing = 0;
		};
/* End PBXFrameworksBuildPhase section */

/* Begin PBXGroup section */
		96B3000D1CEF29C700DDCEFA /* Supporting Files */ = {
			isa = PBXGroup;
			children = (
				96B3FFFB1CEF287400DDCEFA /* AppDelegate.swift */,
				96B300021CEF287400DDCEFA /* Assets.xcassets */,
				96B300041CEF287400DDCEFA /* LaunchScreen.storyboard */,
				96B300071CEF287400DDCEFA /* Info.plist */,
			);
			name = "Supporting Files";
			sourceTree = "<group>";
		};
		96B3FFEF1CEF287400DDCEFA = {
			isa = PBXGroup;
			children = (
				96B3FFFA1CEF287400DDCEFA /* Calculator */,
				96B3FFF91CEF287400DDCEFA /* Products */,
			);
			sourceTree = "<group>";
		};
		96B3FFF91CEF287400DDCEFA /* Products */ = {
			isa = PBXGroup;
			children = (
				96B3FFF81CEF287400DDCEFA /* Calculator.app */,
			);
			name = Products;
			sourceTree = "<group>";
		};
		96B3FFFA1CEF287400DDCEFA /* Calculator */ = {
			isa = PBXGroup;
			children = (
				96B3000D1CEF29C700DDCEFA /* Supporting Files */,
				96B3FFFD1CEF287400DDCEFA /* ViewController.swift */,
				96B3FFFF1CEF287400DDCEFA /* Main.storyboard */,
			);
			path = Calculator;
			sourceTree = "<group>";
		};
/* End PBXGroup section */

/* Begin PBXNativeTarget section */
		96B3FFF71CEF287400DDCEFA /* Calculator */ = {
			isa = PBXNativeTarget;
			buildConfigurationList = 96B3000A1CEF287400DDCEFA /* Build configuration list for PBXNativeTarget "Calculator" */;
			buildPhases = (
				96B3FFF41CEF287400DDCEFA /* Sources */,
				96B3FFF51CEF287400DDCEFA /* Frameworks */,
				96B3FFF61CEF287400DDCEFA /* Resources */,
			);
			buildRules = (
			);
			dependencies = (
			);
			name = Calculator;
			productName = Calculator;
			productReference = 96B3FFF81CEF287400DDCEFA /* Calculator.app */;
			productType = "com.apple.product-type.application";
		};
/* End PBXNativeTarget section */

/* Begin PBXProject section */
		96B3FFF01CEF287400DDCEFA /* Project object */ = {
			isa = PBXProject;
			attributes = {
				LastSwiftUpdateCheck = 0730;
				LastUpgradeCheck = 0730;
				ORGANIZATIONNAME = fishermanswharff;
				TargetAttributes = {
					96B3FFF71CEF287400DDCEFA = {
						CreatedOnToolsVersion = 7.3.1;
						DevelopmentTeam = RTYZBD8T4V;
					};
				};
			};
			buildConfigurationList = 96B3FFF31CEF287400DDCEFA /* Build configuration list for PBXProject "Calculator" */;
			compatibilityVersion = "Xcode 3.2";
			developmentRegion = English;
			hasScannedForEncodings = 0;
			knownRegions = (
				en,
				Base,
			);
			mainGroup = 96B3FFEF1CEF287400DDCEFA;
			productRefGroup = 96B3FFF91CEF287400DDCEFA /* Products */;
			projectDirPath = "";
			projectRoot = "";
			targets = (
				96B3FFF71CEF287400DDCEFA /* Calculator */,
			);
		};
/* End PBXProject section */

/* Begin PBXResourcesBuildPhase section */
		96B3FFF61CEF287400DDCEFA /* Resources */ = {
			isa = PBXResourcesBuildPhase;
			buildActionMask = 2147483647;
			files = (
				96B300061CEF287400DDCEFA /* LaunchScreen.storyboard in Resources */,
				96B300031CEF287400DDCEFA /* Assets.xcassets in Resources */,
				96B300011CEF287400DDCEFA /* Main.storyboard in Resources */,
			);
			runOnlyForDeploymentPostprocessing = 0;
		};
/* End PBXResourcesBuildPhase section */

/* Begin PBXSourcesBuildPhase section */
		96B3FFF41CEF287400DDCEFA /* Sources */ = {
			isa = PBXSourcesBuildPhase;
			buildActionMask = 2147483647;
			files = (
				96B3FFFE1CEF287400DDCEFA /* ViewController.swift in Sources */,
				96B3FFFC1CEF287400DDCEFA /* AppDelegate.swift in Sources */,
			);
			runOnlyForDeploymentPostprocessing = 0;
		};
/* End PBXSourcesBuildPhase section */

/* Begin PBXVariantGroup section */
		96B300041CEF287400DDCEFA /* LaunchScreen.storyboard */ = {
			isa = PBXVariantGroup;
			children = (
				96B300051CEF287400DDCEFA /* Base */,
			);
			name = LaunchScreen.storyboard;
			sourceTree = "<group>";
		};
		96B3FFFF1CEF287400DDCEFA /* Main.storyboard */ = {
			isa = PBXVariantGroup;
			children = (
				96B300001CEF287400DDCEFA /* Base */,
			);
			name = Main.storyboard;
			sourceTree = "<group>";
		};
/* End PBXVariantGroup section */

/* Begin XCBuildConfiguration section */
		96B300081CEF287400DDCEFA /* Debug */ = {
			isa = XCBuildConfiguration;
			buildSettings = {
				ALWAYS_SEARCH_USER_PATHS = NO;
				CLANG_ANALYZER_NONNULL = YES;
				CLANG_CXX_LANGUAGE_STANDARD = "gnu++0x";
				CLANG_CXX_LIBRARY = "libc++";
				CLANG_ENABLE_MODULES = YES;
				CLANG_ENABLE_OBJC_ARC = YES;
				CLANG_WARN_BOOL_CONVERSION = YES;
				CLANG_WARN_CONSTANT_CONVERSION = YES;
				CLANG_WARN_DIRECT_OBJC_ISA_USAGE = YES_ERROR;
				CLANG_WARN_EMPTY_BODY = YES;
				CLANG_WARN_ENUM_CONVERSION = YES;
				CLANG_WARN_INT_CONVERSION = YES;
				CLANG_WARN_OBJC_ROOT_CLASS = YES_ERROR;
				CLANG_WARN_UNREACHABLE_CODE = YES;
				CLANG_WARN__DUPLICATE_METHOD_MATCH = YES;
				"CODE_SIGN_IDENTITY[sdk=iphoneos*]" = "iPhone Developer";
				COPY_PHASE_STRIP = NO;
				DEBUG_INFORMATION_FORMAT = dwarf;
				ENABLE_STRICT_OBJC_MSGSEND = YES;
				ENABLE_TESTABILITY = YES;
				GCC_C_LANGUAGE_STANDARD = gnu99;
				GCC_DYNAMIC_NO_PIC = NO;
				GCC_NO_COMMON_BLOCKS = YES;
				GCC_OPTIMIZATION_LEVEL = 0;
				GCC_PREPROCESSOR_DEFINITIONS = (
					"DEBUG=1",
					"$(inherited)",
				);
				GCC_WARN_64_TO_32_BIT_CONVERSION = YES;
				GCC_WARN_ABOUT_RETURN_TYPE = YES_ERROR;
				GCC_WARN_UNDECLARED_SELECTOR = YES;
				GCC_WARN_UNINITIALIZED_AUTOS = YES_AGGRESSIVE;
				GCC_WARN_UNUSED_FUNCTION = YES;
				GCC_WARN_UNUSED_VARIABLE = YES;
				IPHONEOS_DEPLOYMENT_TARGET = 9.3;
				MTL_ENABLE_DEBUG_INFO = YES;
				ONLY_ACTIVE_ARCH = YES;
				SDKROOT = iphoneos;
				SWIFT_OPTIMIZATION_LEVEL = "-Onone";
			};
			name = Debug;
		};
		96B300091CEF287400DDCEFA /* Release */ = {
			isa = XCBuildConfiguration;
			buildSettings = {
				ALWAYS_SEARCH_USER_PATHS = NO;
				CLANG_ANALYZER_NONNULL = YES;
				CLANG_CXX_LANGUAGE_STANDARD = "gnu++0x";
				CLANG_CXX_LIBRARY = "libc++";
				CLANG_ENABLE_MODULES = YES;
				CLANG_ENABLE_OBJC_ARC = YES;
				CLANG_WARN_BOOL_CONVERSION = YES;
				CLANG_WARN_CONSTANT_CONVERSION = YES;
				CLANG_WARN_DIRECT_OBJC_ISA_USAGE = YES_ERROR;
				CLANG_WARN_EMPTY_BODY = YES;
				CLANG_WARN_ENUM_CONVERSION = YES;
				CLANG_WARN_INT_CONVERSION = YES;
				CLANG_WARN_OBJC_ROOT_CLASS = YES_ERROR;
				CLANG_WARN_UNREACHABLE_CODE = YES;
				CLANG_WARN__DUPLICATE_METHOD_MATCH = YES;
				"CODE_SIGN_IDENTITY[sdk=iphoneos*]" = "iPhone Developer";
				COPY_PHASE_STRIP = NO;
				DEBUG_INFORMATION_FORMAT = "dwarf-with-dsym";
				ENABLE_NS_ASSERTIONS = NO;
				ENABLE_STRICT_OBJC_MSGSEND = YES;
				GCC_C_LANGUAGE_STANDARD = gnu99;
				GCC_NO_COMMON_BLOCKS = YES;
				GCC_WARN_64_TO_32_BIT_CONVERSION = YES;
				GCC_WARN_ABOUT_RETURN_TYPE = YES_ERROR;
				GCC_WARN_UNDECLARED_SELECTOR = YES;
				GCC_WARN_UNINITIALIZED_AUTOS = YES_AGGRESSIVE;
				GCC_WARN_UNUSED_FUNCTION = YES;
				GCC_WARN_UNUSED_VARIABLE = YES;
				IPHONEOS_DEPLOYMENT_TARGET = 9.3;
				MTL_ENABLE_DEBUG_INFO = NO;
				SDKROOT = iphoneos;
				VALIDATE_PRODUCT = YES;
			};
			name = Release;
		};
		96B3000B1CEF287400DDCEFA /* Debug */ = {
			isa = XCBuildConfiguration;
			buildSettings = {
				ASSETCATALOG_COMPILER_APPICON_NAME = AppIcon;
				CODE_SIGN_IDENTITY = "iPhone Developer";
				INFOPLIST_FILE = Calculator/Info.plist;
				LD_RUNPATH_SEARCH_PATHS = "$(inherited) @executable_path/Frameworks";
				PRODUCT_BUNDLE_IDENTIFIER = com.fishermanswharff.Calculator;
				PRODUCT_NAME = "$(TARGET_NAME)";
				TARGETED_DEVICE_FAMILY = "1,2";
			};
			name = Debug;
		};
		96B3000C1CEF287400DDCEFA /* Release */ = {
			isa = XCBuildConfiguration;
			buildSettings = {
				ASSETCATALOG_COMPILER_APPICON_NAME = AppIcon;
				CODE_SIGN_IDENTITY = "iPhone Developer";
				INFOPLIST_FILE = Calculator/Info.plist;
				LD_RUNPATH_SEARCH_PATHS = "$(inherited) @executable_path/Frameworks";
				PRODUCT_BUNDLE_IDENTIFIER = com.fishermanswharff.Calculator;
				PRODUCT_NAME = "$(TARGET_NAME)";
				TARGETED_DEVICE_FAMILY = "1,2";
			};
			name = Release;
		};
/* End XCBuildConfiguration section */

/* Begin XCConfigurationList section */
		96B3000A1CEF287400DDCEFA /* Build configuration list for PBXNativeTarget "Calculator" */ = {
			isa = XCConfigurationList;
			buildConfigurations = (
				96B3000B1CEF287400DDCEFA /* Debug */,
				96B3000C1CEF287400DDCEFA /* Release */,
			);
			defaultConfigurationIsVisible = 0;
		};
		96B3FFF31CEF287400DDCEFA /* Build configuration list for PBXProject "Calculator" */ = {
			isa = XCConfigurationList;
			buildConfigurations = (
				96B300081CEF287400DDCEFA /* Debug */,
				96B300091CEF287400DDCEFA /* Release */,
			);
			defaultConfigurationIsVisible = 0;
			defaultConfigurationName = Release;
		};
/* End XCConfigurationList section */
	};
	rootObject = 96B3FFF01CEF287400DDCEFA /* Project object */;
}
